<?xml version="1.0" encoding="utf-8"?>
<Project ToolsVersion="4.0" xmlns="http://schemas.microsoft.com/developer/msbuild/2003">
  <ItemGroup>
    <ClCompile Include="Src\Core\Game.cpp" />
    <ClCompile Include="Src\Screen\GameScreen.cpp">
      <Filter>Screens</Filter>
    </ClCompile>
    <ClCompile Include="Src\Screen\MainMenuScreen.cpp">
      <Filter>Screens</Filter>
    </ClCompile>
    <ClCompile Include="Src\Screen\Screen.cpp">
      <Filter>Screens</Filter>
    </ClCompile>
    <ClCompile Include="Src\Screen\ScreenHandler.cpp">
      <Filter>Screens</Filter>
    </ClCompile>
    <ClCompile Include="Src\Utility\tinyxml2.cpp">
      <Filter>Tilemap</Filter>
    </ClCompile>
    <ClCompile Include="Src\Tilemap\TileMap.cpp">
      <Filter>Tilemap</Filter>
    </ClCompile>
    <ClCompile Include="Src\Tilemap\TileLayer.cpp">
      <Filter>Tilemap</Filter>
    </ClCompile>
    <ClCompile Include="stdafx.cpp">
      <Filter>Precompiled headers</Filter>
    </ClCompile>
    <ClCompile Include="Src\Global\Config.cpp" />
    <ClCompile Include="dragonBones\SFMLArmatureDisplay.cpp">
      <Filter>dragonBones</Filter>
    </ClCompile>
    <ClCompile Include="dragonBones\SFMLArmatureProxy.cpp">
      <Filter>dragonBones</Filter>
    </ClCompile>
    <ClCompile Include="dragonBones\SFMLFactory.cpp">
      <Filter>dragonBones</Filter>
    </ClCompile>
    <ClCompile Include="dragonBones\SFMLSlot.cpp">
      <Filter>dragonBones</Filter>
    </ClCompile>
    <ClCompile Include="dragonBones\SFMLTextureAtlasData.cpp">
      <Filter>dragonBones</Filter>
    </ClCompile>
    <ClCompile Include="Src\Core\Main.cpp" />
    <ClCompile Include="Src\Screen\Entity.cpp" />
    <ClCompile Include="Src\Tilemap\AnimatedTile.cpp" />
    <ClCompile Include="Src\ECS\SystemHandler.cpp" />
    <ClCompile Include="Src\ECS\Systems\Input.cpp" />
    <ClCompile Include="Src\ECS\Systems\Animation.cpp" />
    <ClCompile Include="Src\Utility\PhysicsWorld.cpp" />
    <ClCompile Include="Src\Utility\PhysicsContactListener.cpp" />
    <ClCompile Include="Src\ECS\Systems\Controller.cpp" />
    <ClCompile Include="Src\ECS\Systems\Physics.cpp" />
    <ClCompile Include="Src\ECS\Systems\Camera.cpp" />
    <ClCompile Include="Src\ECS\Systems\Combat.cpp" />
    <ClCompile Include="Src\ECS\Systems\Vampiring.cpp" />
    <ClCompile Include="Src\ECS\Systems\Interaction.cpp" />
    <ClCompile Include="Src\Utility\GlobalFactory.cpp" />
    <ClCompile Include="Src\Tilemap\TilemapParser.cpp" />
    <ClCompile Include="Src\Tilemap\StaticTileLayer.cpp" />
    <ClCompile Include="Src\Tilemap\AnimatedTileLayer.cpp" />
    <ClCompile Include="Src\ECS\Systems\Motion.cpp" />
    <ClCompile Include="Src\ECS\Systems\FSM.cpp" />
    <ClCompile Include="Src\FSM\States\Player\PlayerIdleState.cpp" />
    <ClCompile Include="Src\FSM\States\Player\PlayerMoveState.cpp" />
    <ClCompile Include="Src\FSM\States\Player\PlayerAttackState.cpp" />
    <ClCompile Include="Src\FSM\States\Player\PlayerDeathState.cpp" />
    <ClCompile Include="Src\FSM\States\Player\PlayerInteractState.cpp" />
    <ClCompile Include="Src\FSM\States\Bishop\BishopIdleState.cpp" />
    <ClCompile Include="Src\FSM\States\Bishop\BishopInteractState.cpp" />
    <ClCompile Include="Src\FSM\States\Bishop\BishopDeathState.cpp" />
    <ClCompile Include="Src\FSM\States\Player\PlayerDashState.cpp" />
    <ClCompile Include="Src\ECS\Systems\ActorSoundSystem.cpp" />
    <ClCompile Include="Src\ECS\Systems\AmbientSoundSystem.cpp" />
    <ClCompile Include="Src\ECS\Systems\AggroSystem.cpp" />
    <ClCompile Include="Src\FSM\States\Dog\DogAggroState.cpp" />
    <ClCompile Include="Src\FSM\States\Dog\DogAttackState.cpp" />
    <ClCompile Include="Src\FSM\States\Dog\DogDeathState.cpp" />
    <ClCompile Include="Src\FSM\States\Dog\DogIdleState.cpp" />
    <ClCompile Include="Src\FSM\States\Dog\DogMoveState.cpp" />
    <ClCompile Include="Src\ECS\Systems\InventorySystem.cpp" />
    <ClCompile Include="Src\ECS\Systems\PatrolSystem.cpp" />
    <ClCompile Include="Src\ECS\Systems\DisposalSystem.cpp" />
    <ClCompile Include="Src\ECS\Systems\StatsSystem.cpp" />
    <ClCompile Include="Src\ECS\Systems\DialogueSystem.cpp" />
    <ClCompile Include="Src\ECS\Systems\EssenceSystem.cpp" />
  </ItemGroup>
  <ItemGroup>
    <ClInclude Include="Src\Core\Game.h" />
    <ClInclude Include="Src\Screen\GameScreen.h">
      <Filter>Screens</Filter>
    </ClInclude>
    <ClInclude Include="Src\Screen\MainMenuScreen.h">
      <Filter>Screens</Filter>
    </ClInclude>
    <ClInclude Include="Src\Screen\Screen.h">
      <Filter>Screens</Filter>
    </ClInclude>
    <ClInclude Include="Src\Screen\ScreenHandler.h">
      <Filter>Screens</Filter>
    </ClInclude>
    <ClInclude Include="Src\Utility\tinyxml2.h">
      <Filter>Tilemap</Filter>
    </ClInclude>
    <ClInclude Include="Src\Tilemap\TileMap.h">
      <Filter>Tilemap</Filter>
    </ClInclude>
    <ClInclude Include="Src\Tilemap\TileLayer.h">
      <Filter>Tilemap</Filter>
    </ClInclude>
    <ClInclude Include="stdafx.h">
      <Filter>Precompiled headers</Filter>
    </ClInclude>
    <ClInclude Include="Src\Global\Config.h" />
    <ClInclude Include="dragonBones\SFMLArmatureDisplay.h">
      <Filter>dragonBones</Filter>
    </ClInclude>
    <ClInclude Include="dragonBones\SFMLArmatureProxy.h">
      <Filter>dragonBones</Filter>
    </ClInclude>
    <ClInclude Include="dragonBones\SFMLDisplay.h">
      <Filter>dragonBones</Filter>
    </ClInclude>
    <ClInclude Include="dragonBones\SFMLEventDispatcher.h">
      <Filter>dragonBones</Filter>
    </ClInclude>
    <ClInclude Include="dragonBones\SFMLFactory.h">
      <Filter>dragonBones</Filter>
    </ClInclude>
    <ClInclude Include="dragonBones\SFMLNode.h">
      <Filter>dragonBones</Filter>
    </ClInclude>
    <ClInclude Include="dragonBones\SFMLSlot.h">
      <Filter>dragonBones</Filter>
    </ClInclude>
    <ClInclude Include="dragonBones\SFMLTextureAtlasData.h">
      <Filter>dragonBones</Filter>
    </ClInclude>
    <ClInclude Include="dragonBones\SFMLTextureData.h">
      <Filter>dragonBones</Filter>
    </ClInclude>
    <ClInclude Include="PlayerAnimationStates.h">
      <Filter>Components</Filter>
    </ClInclude>
    <ClInclude Include="Src\Screen\Entity.h" />
    <ClInclude Include="Src\Tilemap\AnimatedTile.h" />
    <ClInclude Include="Src\ECS\Components\RigidBody.h" />
    <ClInclude Include="Src\ECS\Components\Movement.h" />
    <ClInclude Include="Src\ECS\Components\Animator.h" />
    <ClInclude Include="Src\ECS\Systems\Physics.h" />
    <ClInclude Include="Src\ECS\Systems\Animation.h" />
    <ClInclude Include="Src\ECS\Components\PlayerInput.h" />
    <ClInclude Include="Src\ECS\Systems\IUpdateSystem.h" />
    <ClInclude Include="Src\ECS\Systems\IRenderSystem.h" />
    <ClInclude Include="Src\ECS\Components\Transform.h" />
    <ClInclude Include="Src\ECS\Systems\Input.h" />
    <ClInclude Include="Src\ECS\SystemHandler.h" />
    <ClInclude Include="Src\ECS\Components\Tag.h" />
    <ClInclude Include="Src\Utility\PhysicsWorld.h" />
    <ClInclude Include="Src\Utility\PhysicsContactListener.h" />
    <ClInclude Include="Src\ECS\Systems\Controller.h" />
    <ClInclude Include="Src\ECS\Components\Dash.h" />
    <ClInclude Include="Src\ECS\Systems\IOnCreateSystem.h" />
    <ClInclude Include="Src\ECS\Components\CameraTarget.h" />
    <ClInclude Include="Src\ECS\Systems\Camera.h" />
    <ClInclude Include="Src\ECS\Components\Attack.h" />
    <ClInclude Include="Src\ECS\Components\Health.h" />
    <ClInclude Include="Src\ECS\Systems\Combat.h" />
    <ClInclude Include="Src\ECS\Components.h" />
    <ClInclude Include="Src\ECS\Components\Vampire.h" />
    <ClInclude Include="Src\ECS\Systems\Vampiring.h" />
    <ClInclude Include="Src\ECS\Systems.h" />
    <ClInclude Include="Src\ECS\Components\Interact.h" />
    <ClInclude Include="Src\ECS\Systems\Interaction.h" />
    <ClInclude Include="Src\Utility\GlobalFactory.h" />
    <ClInclude Include="Src\Utility\json.hpp" />
    <ClInclude Include="PlayerAnimationStates.h" />
    <ClInclude Include="Src\Tilemap\TilemapParser.h" />
    <ClInclude Include="Src\Tilemap\StaticTileLayer.h" />
    <ClInclude Include="Src\Tilemap\AnimatedTileLayer.h" />
    <ClInclude Include="Src\ECS\Systems\FSM.h" />
    <ClInclude Include="Src\ECS\Systems\Motion.h" />
    <ClInclude Include="Src\FSM\Components\PlayerStates.h" />
    <ClInclude Include="Src\FSM\States\Player\PlayerIdleState.h" />
    <ClInclude Include="Src\FSM\States\Player\PlayerMoveState.h" />
    <ClInclude Include="Src\FSM\State.h" />
    <ClInclude Include="Src\FSM\States\Player\PlayerAttackState.h" />
    <ClInclude Include="Src\FSM\States\Player\PlayerDeathState.h" />
    <ClInclude Include="Src\FSM\States\Player\PlayerInteractState.h" />
    <ClInclude Include="Src\FSM\States\Bishop\BishopStates.h" />
    <ClInclude Include="Src\FSM\States\Bishop\BishopIdleState.h" />
    <ClInclude Include="Src\FSM\States\Bishop\BishopInteractState.h" />
    <ClInclude Include="Src\FSM\States\Bishop\BishopDeathState.h" />
    <ClInclude Include="Src\FSM\States\Player\PlayerDashState.h" />
    <ClInclude Include="Src\ECS\Systems\ActorSoundSystem.h" />
    <ClInclude Include="Src\ECS\Components\AmbienceAudioSource.h" />
    <ClInclude Include="Src\ECS\Systems\AmbientSoundSystem.h" />
    <ClInclude Include="Src\ECS\Components\ActorAudioSource.h" />
    <ClInclude Include="Src\ECS\Components\Aggresion.h" />
    <ClInclude Include="Src\ECS\Systems\AggroSystem.h" />
    <ClInclude Include="Src\FSM\States\Dog\DogAggroState.h" />
    <ClInclude Include="Src\FSM\States\Dog\DogAttackState.h" />
    <ClInclude Include="Src\FSM\States\Dog\DogDeathState.h" />
    <ClInclude Include="Src\FSM\States\Dog\DogIdleState.h" />
    <ClInclude Include="Src\FSM\States\Dog\DogMoveState.h" />
    <ClInclude Include="Src\FSM\States\Dog\DogStates.h" />
    <ClInclude Include="Src\ECS\Systems\InventorySystem.h" />
    <ClInclude Include="Src\ECS\Components\Inventory.h" />
    <ClInclude Include="Src\ECS\Components\Patrol.h" />
    <ClInclude Include="Src\ECS\Systems\PatrolSystem.h" />
    <ClInclude Include="Src\ECS\Components\Dispose.h" />
    <ClInclude Include="Src\ECS\Systems\DisposalSystem.h" />
    <ClInclude Include="Src\ECS\Components\Stamina.h" />
    <ClInclude Include="Src\ECS\Systems\StatsSystem.h" />
    <ClInclude Include="Src\ECS\Systems\DialogueSystem.h" />
    <ClInclude Include="Src\ECS\Components\PlayerTemporal.h" />
    <ClInclude Include="Src\ECS\Components\Dialogue.h" />
    <ClInclude Include="Src\ECS\Components\Stats.h" />
    <ClInclude Include="Characteristics.h" />
    <ClInclude Include="Src\ECS\Systems\EssenceSystem.h" />
  </ItemGroup>
  <ItemGroup>
    <Filter Include="Tilemap">
      <UniqueIdentifier>{21d0d665-d5fd-476b-9854-c1e6dd498104}</UniqueIdentifier>
    </Filter>
    <Filter Include="Components">
      <UniqueIdentifier>{01076e94-73a4-4480-9a01-cd14f83a50f5}</UniqueIdentifier>
    </Filter>
    <Filter Include="Player">
      <UniqueIdentifier>{4f92a80e-d257-48ae-9d77-c66caf5216ec}</UniqueIdentifier>
    </Filter>
    <Filter Include="Screens">
      <UniqueIdentifier>{1fcba0f1-1f32-429a-9704-53362dc6872b}</UniqueIdentifier>
    </Filter>
    <Filter Include="Entities">
      <UniqueIdentifier>{9f262fea-7a25-46f1-816d-19c6bfeea4f0}</UniqueIdentifier>
    </Filter>
    <Filter Include="Precompiled headers">
      <UniqueIdentifier>{0119cf1b-9154-4c88-ad28-497bfb1f65d3}</UniqueIdentifier>
    </Filter>
    <Filter Include="dragonBones">
      <UniqueIdentifier>{a6bd0dee-e4b1-402b-8f93-ba09b20e93a9}</UniqueIdentifier>
    </Filter>
    <Filter Include="FiniteStateMachine">
      <UniqueIdentifier>{17e8069f-414f-46dd-a5bb-1a2955aa9a7b}</UniqueIdentifier>
    </Filter>
    <Filter Include="States">
      <UniqueIdentifier>{2d6d80cd-035a-40cf-b302-159c6567dae1}</UniqueIdentifier>
    </Filter>
    <Filter Include="States\PlayerStates">
      <UniqueIdentifier>{98338d43-d297-43c1-897d-780cd2a3cc6b}</UniqueIdentifier>
    </Filter>
    <Filter Include="Config">
      <UniqueIdentifier>{05539b73-9586-4dc2-ba3c-76c42f585297}</UniqueIdentifier>
    </Filter>
    <Filter Include="States\InventoryStates">
      <UniqueIdentifier>{c57b7887-a151-468a-86e5-e497b537b848}</UniqueIdentifier>
    </Filter>
    <Filter Include="States\NPCDogStates">
      <UniqueIdentifier>{99221d85-87ae-49a8-891a-b7b6e0459a79}</UniqueIdentifier>
    </Filter>
    <Filter Include="Global">
      <UniqueIdentifier>{6464fb19-772d-4ab2-ae54-a293a74aca4b}</UniqueIdentifier>
    </Filter>
    <Filter Include="NPCDog">
      <UniqueIdentifier>{d50ce6b2-3b3a-4e3e-88b5-ccc3253a6172}</UniqueIdentifier>
    </Filter>
    <Filter Include="NPCBIshop">
      <UniqueIdentifier>{adb6728c-5b83-4db2-8456-51f34a534548}</UniqueIdentifier>
    </Filter>
  </ItemGroup>
  <ItemGroup>
    <None Include="config.json">
      <Filter>Config</Filter>
    </None>
    <None Include="PlagueOrigins.aps" />
    <None Include="PlagueOrigins.exe" />
    <None Include="PlagueOrigins.ilk" />
    <None Include="PlagueOrigins.pdb" />
  </ItemGroup>
</Project>