<?xml version="1.0" encoding="utf-8"?>
<Project ToolsVersion="4.0" xmlns="http://schemas.microsoft.com/developer/msbuild/2003">
  <ItemGroup>
    <ClCompile Include="Game.cpp" />
    <ClCompile Include="main.cpp" />
    <ClCompile Include="GameScreen.cpp">
      <Filter>Screens</Filter>
    </ClCompile>
    <ClCompile Include="MainMenuScreen.cpp">
      <Filter>Screens</Filter>
    </ClCompile>
    <ClCompile Include="Screen.cpp">
      <Filter>Screens</Filter>
    </ClCompile>
    <ClCompile Include="ScreenHandler.cpp">
      <Filter>Screens</Filter>
    </ClCompile>
    <ClCompile Include="MovementComponent.cpp">
      <Filter>Components</Filter>
    </ClCompile>
    <ClCompile Include="Player.cpp">
      <Filter>Player</Filter>
    </ClCompile>
    <ClCompile Include="tinyxml2.cpp">
      <Filter>Tilemap</Filter>
    </ClCompile>
    <ClCompile Include="TileMapLoader.cpp">
      <Filter>Tilemap</Filter>
    </ClCompile>
    <ClCompile Include="TileMap.cpp">
      <Filter>Tilemap</Filter>
    </ClCompile>
    <ClCompile Include="TileLayer.cpp">
      <Filter>Tilemap</Filter>
    </ClCompile>
    <ClCompile Include="Unit.cpp">
      <Filter>Entities</Filter>
    </ClCompile>
    <ClCompile Include="stdafx.cpp">
      <Filter>Precompiled headers</Filter>
    </ClCompile>
    <ClCompile Include="Button.cpp">
      <Filter>Components</Filter>
    </ClCompile>
    <ClCompile Include="Config.cpp" />
    <ClCompile Include="PauseScreen.cpp">
      <Filter>Screens</Filter>
    </ClCompile>
    <ClCompile Include="ColliderComponent.cpp">
      <Filter>Components</Filter>
    </ClCompile>
    <ClCompile Include="AnimationComponent.cpp">
      <Filter>Components</Filter>
    </ClCompile>
    <ClCompile Include="Config.cpp" />
    <ClCompile Include="PauseScreen.cpp">
      <Filter>Screens</Filter>
    </ClCompile>
    <ClCompile Include="IStateHandler.cpp">
      <Filter>Components</Filter>
    </ClCompile>
    <ClCompile Include="PlayerStateHandler.cpp">
      <Filter>Player</Filter>
    </ClCompile>
    <ClCompile Include="dragonBones\SFMLArmatureDisplay.cpp">
      <Filter>dragonBones</Filter>
    </ClCompile>
    <ClCompile Include="dragonBones\SFMLArmatureProxy.cpp">
      <Filter>dragonBones</Filter>
    </ClCompile>
    <ClCompile Include="dragonBones\SFMLFactory.cpp">
      <Filter>dragonBones</Filter>
    </ClCompile>
    <ClCompile Include="dragonBones\SFMLSlot.cpp">
      <Filter>dragonBones</Filter>
    </ClCompile>
    <ClCompile Include="dragonBones\SFMLTextureAtlasData.cpp">
      <Filter>dragonBones</Filter>
    </ClCompile>
    <ClCompile Include="Test.cpp" />
    <ClCompile Include="InputHandler.cpp" />
  </ItemGroup>
  <ItemGroup>
    <ClInclude Include="Game.h" />
    <ClInclude Include="GameScreen.h">
      <Filter>Screens</Filter>
    </ClInclude>
    <ClInclude Include="MainMenuScreen.h">
      <Filter>Screens</Filter>
    </ClInclude>
    <ClInclude Include="Screen.h">
      <Filter>Screens</Filter>
    </ClInclude>
    <ClInclude Include="ScreenHandler.h">
      <Filter>Screens</Filter>
    </ClInclude>
    <ClInclude Include="MovementComponent.h">
      <Filter>Components</Filter>
    </ClInclude>
    <ClInclude Include="Player.h">
      <Filter>Player</Filter>
    </ClInclude>
    <ClInclude Include="tinyxml2.h">
      <Filter>Tilemap</Filter>
    </ClInclude>
    <ClInclude Include="TileMapLoader.h">
      <Filter>Tilemap</Filter>
    </ClInclude>
    <ClInclude Include="TileMap.h">
      <Filter>Tilemap</Filter>
    </ClInclude>
    <ClInclude Include="TileLayer.h">
      <Filter>Tilemap</Filter>
    </ClInclude>
    <ClInclude Include="Unit.h">
      <Filter>Entities</Filter>
    </ClInclude>
    <ClInclude Include="stdafx.h">
      <Filter>Precompiled headers</Filter>
    </ClInclude>
    <ClInclude Include="Button.h">
      <Filter>Components</Filter>
    </ClInclude>
    <ClInclude Include="Config.h" />
    <ClInclude Include="PauseScreen.h">
      <Filter>Screens</Filter>
    </ClInclude>
    <ClInclude Include="AnimationComponent.h">
      <Filter>Components</Filter>
    </ClInclude>
    <ClInclude Include="ColliderComponent.h">
      <Filter>Components</Filter>
    </ClInclude>
    <ClInclude Include="Config.h" />
    <ClInclude Include="PauseScreen.h">
      <Filter>Screens</Filter>
    </ClInclude>
    <ClInclude Include="IStateHandler.h">
      <Filter>Components</Filter>
    </ClInclude>
    <ClInclude Include="PlayerStateHandler.h">
      <Filter>Player</Filter>
    </ClInclude>
    <ClInclude Include="dragonBones\SFMLArmatureDisplay.h">
      <Filter>dragonBones</Filter>
    </ClInclude>
    <ClInclude Include="dragonBones\SFMLArmatureProxy.h">
      <Filter>dragonBones</Filter>
    </ClInclude>
    <ClInclude Include="dragonBones\SFMLDisplay.h">
      <Filter>dragonBones</Filter>
    </ClInclude>
    <ClInclude Include="dragonBones\SFMLEventDispatcher.h">
      <Filter>dragonBones</Filter>
    </ClInclude>
    <ClInclude Include="dragonBones\SFMLFactory.h">
      <Filter>dragonBones</Filter>
    </ClInclude>
    <ClInclude Include="dragonBones\SFMLNode.h">
      <Filter>dragonBones</Filter>
    </ClInclude>
    <ClInclude Include="dragonBones\SFMLSlot.h">
      <Filter>dragonBones</Filter>
    </ClInclude>
    <ClInclude Include="dragonBones\SFMLTextureAtlasData.h">
      <Filter>dragonBones</Filter>
    </ClInclude>
    <ClInclude Include="dragonBones\SFMLTextureData.h">
      <Filter>dragonBones</Filter>
    </ClInclude>
    <ClInclude Include="Test.h" />
    <ClInclude Include="InputHandler.h" />
    <ClInclude Include="PlayerStates.h">
      <Filter>Components</Filter>
    </ClInclude>
  </ItemGroup>
  <ItemGroup>
    <Filter Include="Tilemap">
      <UniqueIdentifier>{21d0d665-d5fd-476b-9854-c1e6dd498104}</UniqueIdentifier>
    </Filter>
    <Filter Include="Components">
      <UniqueIdentifier>{01076e94-73a4-4480-9a01-cd14f83a50f5}</UniqueIdentifier>
    </Filter>
    <Filter Include="Player">
      <UniqueIdentifier>{4f92a80e-d257-48ae-9d77-c66caf5216ec}</UniqueIdentifier>
    </Filter>
    <Filter Include="Screens">
      <UniqueIdentifier>{1fcba0f1-1f32-429a-9704-53362dc6872b}</UniqueIdentifier>
    </Filter>
    <Filter Include="Entities">
      <UniqueIdentifier>{9f262fea-7a25-46f1-816d-19c6bfeea4f0}</UniqueIdentifier>
    </Filter>
    <Filter Include="Precompiled headers">
      <UniqueIdentifier>{0119cf1b-9154-4c88-ad28-497bfb1f65d3}</UniqueIdentifier>
    </Filter>
    <Filter Include="dragonBones">
      <UniqueIdentifier>{a6bd0dee-e4b1-402b-8f93-ba09b20e93a9}</UniqueIdentifier>
    </Filter>
  </ItemGroup>
</Project>