<?xml version="1.0" encoding="utf-8"?>
<Project ToolsVersion="4.0" xmlns="http://schemas.microsoft.com/developer/msbuild/2003">
  <ItemGroup>
    <Filter Include="Header Files">
      <UniqueIdentifier>{93995380-89BD-4b04-88EB-625FBE52EBFB}</UniqueIdentifier>
      <Extensions>h;hh;hpp;hxx;h++;hm;inl;inc;ipp;xsd</Extensions>
    </Filter>
    <Filter Include="Resource Files">
      <UniqueIdentifier>{67DA6AB6-F800-4c08-8B7A-83BB121AAD01}</UniqueIdentifier>
      <Extensions>rc;ico;cur;bmp;dlg;rc2;rct;bin;rgs;gif;jpg;jpeg;jpe;resx;tiff;tif;png;wav;mfcribbon-ms</Extensions>
    </Filter>
    <Filter Include="Resource Files\animation">
      <UniqueIdentifier>{9624ac86-e18b-4afb-bd65-d7e47d2aafdd}</UniqueIdentifier>
    </Filter>
    <Filter Include="Resource Files\armature">
      <UniqueIdentifier>{56395287-5f88-437a-9edb-9e0bb4cfe6c4}</UniqueIdentifier>
    </Filter>
    <Filter Include="Resource Files\core">
      <UniqueIdentifier>{fdce957d-4a0a-447e-801a-085352c20b0e}</UniqueIdentifier>
    </Filter>
    <Filter Include="Resource Files\event">
      <UniqueIdentifier>{c0b96ec1-324f-4d18-930c-e748de1f97a5}</UniqueIdentifier>
    </Filter>
    <Filter Include="Resource Files\factory">
      <UniqueIdentifier>{5363a251-bcc0-4d40-b75f-c070c4d911d5}</UniqueIdentifier>
    </Filter>
    <Filter Include="Resource Files\geom">
      <UniqueIdentifier>{24a15c13-95d8-4a0b-9753-4edc9d430794}</UniqueIdentifier>
    </Filter>
    <Filter Include="Resource Files\parser">
      <UniqueIdentifier>{7cbcfa2e-c1d6-4d5e-8c9a-32d2bec85c21}</UniqueIdentifier>
    </Filter>
    <Filter Include="Resource Files\model">
      <UniqueIdentifier>{f7b8eef7-406d-406c-85c4-1917aaf8e835}</UniqueIdentifier>
    </Filter>
    <Filter Include="Resource Files\rapidjson">
      <UniqueIdentifier>{bf52a4e3-d071-4700-8df5-cc6bc4029b55}</UniqueIdentifier>
    </Filter>
    <Filter Include="Resource Files\rapidjson\error">
      <UniqueIdentifier>{c5a46277-e581-47b3-85ca-643c774c55dc}</UniqueIdentifier>
    </Filter>
    <Filter Include="Resource Files\rapidjson\internal">
      <UniqueIdentifier>{c60e1156-d03a-4025-b798-e0c7030cbcc9}</UniqueIdentifier>
    </Filter>
    <Filter Include="Resource Files\rapidjson\msinttypes">
      <UniqueIdentifier>{8bf776d9-75d4-4b95-b0fb-e5b778cbe831}</UniqueIdentifier>
    </Filter>
  </ItemGroup>
  <ItemGroup>
    <ClCompile Include="animation\Animation.cpp">
      <Filter>Resource Files\animation</Filter>
    </ClCompile>
    <ClCompile Include="animation\AnimationState.cpp">
      <Filter>Resource Files\animation</Filter>
    </ClCompile>
    <ClCompile Include="animation\BaseTimelineState.cpp">
      <Filter>Resource Files\animation</Filter>
    </ClCompile>
    <ClCompile Include="animation\TimelineState.cpp">
      <Filter>Resource Files\animation</Filter>
    </ClCompile>
    <ClCompile Include="animation\WorldClock.cpp">
      <Filter>Resource Files\animation</Filter>
    </ClCompile>
    <ClCompile Include="armature\Armature.cpp">
      <Filter>Resource Files\armature</Filter>
    </ClCompile>
    <ClCompile Include="armature\Bone.cpp">
      <Filter>Resource Files\armature</Filter>
    </ClCompile>
    <ClCompile Include="armature\Constraint.cpp">
      <Filter>Resource Files\armature</Filter>
    </ClCompile>
    <ClCompile Include="armature\DeformVertices.cpp">
      <Filter>Resource Files\armature</Filter>
    </ClCompile>
    <ClCompile Include="armature\Slot.cpp">
      <Filter>Resource Files\armature</Filter>
    </ClCompile>
    <ClCompile Include="armature\TransformObject.cpp">
      <Filter>Resource Files\armature</Filter>
    </ClCompile>
    <ClCompile Include="parser\BinaryDataParser.cpp">
      <Filter>Resource Files\parser</Filter>
    </ClCompile>
    <ClCompile Include="parser\DataParser.cpp">
      <Filter>Resource Files\parser</Filter>
    </ClCompile>
    <ClCompile Include="parser\JSONDataParser.cpp">
      <Filter>Resource Files\parser</Filter>
    </ClCompile>
    <ClCompile Include="geom\Point.cpp">
      <Filter>Resource Files\geom</Filter>
    </ClCompile>
    <ClCompile Include="geom\Transform.cpp">
      <Filter>Resource Files\geom</Filter>
    </ClCompile>
    <ClCompile Include="factory\BaseFactory.cpp">
      <Filter>Resource Files\factory</Filter>
    </ClCompile>
    <ClCompile Include="event\EventObject.cpp">
      <Filter>Resource Files\event</Filter>
    </ClCompile>
    <ClCompile Include="core\BaseObject.cpp">
      <Filter>Resource Files\core</Filter>
    </ClCompile>
    <ClCompile Include="core\DragonBones.cpp">
      <Filter>Resource Files\core</Filter>
    </ClCompile>
    <ClCompile Include="model\AnimationConfig.cpp">
      <Filter>Resource Files\model</Filter>
    </ClCompile>
    <ClCompile Include="model\AnimationData.cpp">
      <Filter>Resource Files\model</Filter>
    </ClCompile>
    <ClCompile Include="model\ArmatureData.cpp">
      <Filter>Resource Files\model</Filter>
    </ClCompile>
    <ClCompile Include="model\BoundingBoxData.cpp">
      <Filter>Resource Files\model</Filter>
    </ClCompile>
    <ClCompile Include="model\CanvasData.cpp">
      <Filter>Resource Files\model</Filter>
    </ClCompile>
    <ClCompile Include="model\ConstraintData.cpp">
      <Filter>Resource Files\model</Filter>
    </ClCompile>
    <ClCompile Include="model\DisplayData.cpp">
      <Filter>Resource Files\model</Filter>
    </ClCompile>
    <ClCompile Include="model\DragonBonesData.cpp">
      <Filter>Resource Files\model</Filter>
    </ClCompile>
    <ClCompile Include="model\SkinData.cpp">
      <Filter>Resource Files\model</Filter>
    </ClCompile>
    <ClCompile Include="model\TextureAtlasData.cpp">
      <Filter>Resource Files\model</Filter>
    </ClCompile>
    <ClCompile Include="model\UserData.cpp">
      <Filter>Resource Files\model</Filter>
    </ClCompile>
  </ItemGroup>
  <ItemGroup>
    <ClInclude Include="animation\Animation.h">
      <Filter>Resource Files\animation</Filter>
    </ClInclude>
    <ClInclude Include="animation\AnimationState.h">
      <Filter>Resource Files\animation</Filter>
    </ClInclude>
    <ClInclude Include="animation\BaseTimelineState.h">
      <Filter>Resource Files\animation</Filter>
    </ClInclude>
    <ClInclude Include="animation\IAnimatable.h">
      <Filter>Resource Files\animation</Filter>
    </ClInclude>
    <ClInclude Include="animation\TimelineState.h">
      <Filter>Resource Files\animation</Filter>
    </ClInclude>
    <ClInclude Include="animation\WorldClock.h">
      <Filter>Resource Files\animation</Filter>
    </ClInclude>
    <ClInclude Include="armature\Armature.h">
      <Filter>Resource Files\armature</Filter>
    </ClInclude>
    <ClInclude Include="armature\Bone.h">
      <Filter>Resource Files\armature</Filter>
    </ClInclude>
    <ClInclude Include="armature\Constraint.h">
      <Filter>Resource Files\armature</Filter>
    </ClInclude>
    <ClInclude Include="armature\DeformVertices.h">
      <Filter>Resource Files\armature</Filter>
    </ClInclude>
    <ClInclude Include="armature\IArmatureProxy.h">
      <Filter>Resource Files\armature</Filter>
    </ClInclude>
    <ClInclude Include="armature\Slot.h">
      <Filter>Resource Files\armature</Filter>
    </ClInclude>
    <ClInclude Include="armature\TransformObject.h">
      <Filter>Resource Files\armature</Filter>
    </ClInclude>
    <ClInclude Include="DragonBonesHeaders.h">
      <Filter>Resource Files</Filter>
    </ClInclude>
    <ClInclude Include="parser\BinaryDataParser.h">
      <Filter>Resource Files\parser</Filter>
    </ClInclude>
    <ClInclude Include="parser\DataParser.h">
      <Filter>Resource Files\parser</Filter>
    </ClInclude>
    <ClInclude Include="parser\JSONDataParser.h">
      <Filter>Resource Files\parser</Filter>
    </ClInclude>
    <ClInclude Include="geom\ColorTransform.h">
      <Filter>Resource Files\geom</Filter>
    </ClInclude>
    <ClInclude Include="geom\Matrix.h">
      <Filter>Resource Files\geom</Filter>
    </ClInclude>
    <ClInclude Include="geom\Point.h">
      <Filter>Resource Files\geom</Filter>
    </ClInclude>
    <ClInclude Include="geom\Rectangle.h">
      <Filter>Resource Files\geom</Filter>
    </ClInclude>
    <ClInclude Include="geom\Transform.h">
      <Filter>Resource Files\geom</Filter>
    </ClInclude>
    <ClInclude Include="factory\BaseFactory.h">
      <Filter>Resource Files\factory</Filter>
    </ClInclude>
    <ClInclude Include="event\EventObject.h">
      <Filter>Resource Files\event</Filter>
    </ClInclude>
    <ClInclude Include="event\IEventDispatcher.h">
      <Filter>Resource Files\event</Filter>
    </ClInclude>
    <ClInclude Include="core\BaseObject.h">
      <Filter>Resource Files\core</Filter>
    </ClInclude>
    <ClInclude Include="core\DragonBones.h">
      <Filter>Resource Files\core</Filter>
    </ClInclude>
    <ClInclude Include="model\AnimationConfig.h">
      <Filter>Resource Files\model</Filter>
    </ClInclude>
    <ClInclude Include="model\AnimationData.h">
      <Filter>Resource Files\model</Filter>
    </ClInclude>
    <ClInclude Include="model\ArmatureData.h">
      <Filter>Resource Files\model</Filter>
    </ClInclude>
    <ClInclude Include="model\BoundingBoxData.h">
      <Filter>Resource Files\model</Filter>
    </ClInclude>
    <ClInclude Include="model\CanvasData.h">
      <Filter>Resource Files\model</Filter>
    </ClInclude>
    <ClInclude Include="model\ConstraintData.h">
      <Filter>Resource Files\model</Filter>
    </ClInclude>
    <ClInclude Include="model\DisplayData.h">
      <Filter>Resource Files\model</Filter>
    </ClInclude>
    <ClInclude Include="model\DragonBonesData.h">
      <Filter>Resource Files\model</Filter>
    </ClInclude>
    <ClInclude Include="model\SkinData.h">
      <Filter>Resource Files\model</Filter>
    </ClInclude>
    <ClInclude Include="model\TextureAtlasData.h">
      <Filter>Resource Files\model</Filter>
    </ClInclude>
    <ClInclude Include="model\UserData.h">
      <Filter>Resource Files\model</Filter>
    </ClInclude>
    <ClInclude Include="rapidjson\msinttypes\inttypes.h">
      <Filter>Resource Files\rapidjson\msinttypes</Filter>
    </ClInclude>
    <ClInclude Include="rapidjson\msinttypes\stdint.h">
      <Filter>Resource Files\rapidjson\msinttypes</Filter>
    </ClInclude>
    <ClInclude Include="rapidjson\internal\biginteger.h">
      <Filter>Resource Files\rapidjson\internal</Filter>
    </ClInclude>
    <ClInclude Include="rapidjson\internal\diyfp.h">
      <Filter>Resource Files\rapidjson\internal</Filter>
    </ClInclude>
    <ClInclude Include="rapidjson\internal\dtoa.h">
      <Filter>Resource Files\rapidjson\internal</Filter>
    </ClInclude>
    <ClInclude Include="rapidjson\internal\ieee754.h">
      <Filter>Resource Files\rapidjson\internal</Filter>
    </ClInclude>
    <ClInclude Include="rapidjson\internal\itoa.h">
      <Filter>Resource Files\rapidjson\internal</Filter>
    </ClInclude>
    <ClInclude Include="rapidjson\internal\meta.h">
      <Filter>Resource Files\rapidjson\internal</Filter>
    </ClInclude>
    <ClInclude Include="rapidjson\internal\pow10.h">
      <Filter>Resource Files\rapidjson\internal</Filter>
    </ClInclude>
    <ClInclude Include="rapidjson\internal\regex.h">
      <Filter>Resource Files\rapidjson\internal</Filter>
    </ClInclude>
    <ClInclude Include="rapidjson\internal\stack.h">
      <Filter>Resource Files\rapidjson\internal</Filter>
    </ClInclude>
    <ClInclude Include="rapidjson\internal\strfunc.h">
      <Filter>Resource Files\rapidjson\internal</Filter>
    </ClInclude>
    <ClInclude Include="rapidjson\internal\strtod.h">
      <Filter>Resource Files\rapidjson\internal</Filter>
    </ClInclude>
    <ClInclude Include="rapidjson\internal\swap.h">
      <Filter>Resource Files\rapidjson\internal</Filter>
    </ClInclude>
    <ClInclude Include="rapidjson\error\en.h">
      <Filter>Resource Files\rapidjson\error</Filter>
    </ClInclude>
    <ClInclude Include="rapidjson\error\error.h">
      <Filter>Resource Files\rapidjson\error</Filter>
    </ClInclude>
    <ClInclude Include="rapidjson\allocators.h">
      <Filter>Resource Files\rapidjson</Filter>
    </ClInclude>
    <ClInclude Include="rapidjson\document.h">
      <Filter>Resource Files\rapidjson</Filter>
    </ClInclude>
    <ClInclude Include="rapidjson\encodedstream.h">
      <Filter>Resource Files\rapidjson</Filter>
    </ClInclude>
    <ClInclude Include="rapidjson\encodings.h">
      <Filter>Resource Files\rapidjson</Filter>
    </ClInclude>
    <ClInclude Include="rapidjson\filereadstream.h">
      <Filter>Resource Files\rapidjson</Filter>
    </ClInclude>
    <ClInclude Include="rapidjson\filewritestream.h">
      <Filter>Resource Files\rapidjson</Filter>
    </ClInclude>
    <ClInclude Include="rapidjson\fwd.h">
      <Filter>Resource Files\rapidjson</Filter>
    </ClInclude>
    <ClInclude Include="rapidjson\istreamwrapper.h">
      <Filter>Resource Files\rapidjson</Filter>
    </ClInclude>
    <ClInclude Include="rapidjson\memorybuffer.h">
      <Filter>Resource Files\rapidjson</Filter>
    </ClInclude>
    <ClInclude Include="rapidjson\memorystream.h">
      <Filter>Resource Files\rapidjson</Filter>
    </ClInclude>
    <ClInclude Include="rapidjson\ostreamwrapper.h">
      <Filter>Resource Files\rapidjson</Filter>
    </ClInclude>
    <ClInclude Include="rapidjson\pointer.h">
      <Filter>Resource Files\rapidjson</Filter>
    </ClInclude>
    <ClInclude Include="rapidjson\prettywriter.h">
      <Filter>Resource Files\rapidjson</Filter>
    </ClInclude>
    <ClInclude Include="rapidjson\rapidjson.h">
      <Filter>Resource Files\rapidjson</Filter>
    </ClInclude>
    <ClInclude Include="rapidjson\reader.h">
      <Filter>Resource Files\rapidjson</Filter>
    </ClInclude>
    <ClInclude Include="rapidjson\schema.h">
      <Filter>Resource Files\rapidjson</Filter>
    </ClInclude>
    <ClInclude Include="rapidjson\stream.h">
      <Filter>Resource Files\rapidjson</Filter>
    </ClInclude>
    <ClInclude Include="rapidjson\stringbuffer.h">
      <Filter>Resource Files\rapidjson</Filter>
    </ClInclude>
    <ClInclude Include="rapidjson\writer.h">
      <Filter>Resource Files\rapidjson</Filter>
    </ClInclude>
  </ItemGroup>
</Project>